
Microsoft Visual Studio Solution File, Format Version 12.00
# Visual Studio Version 16
VisualStudioVersion = 16.0.28721.148
MinimumVisualStudioVersion = 10.0.40219.1
Project("{2150E333-8FDC-42A3-9474-1A3956D46DE8}") = "src", "src", "{849B4DAB-9E64-4322-BFC6-398EED74D035}"
EndProject
Project("{2150E333-8FDC-42A3-9474-1A3956D46DE8}") = "benchmarks", "benchmarks", "{9071DAAD-F900-4643-AC35-EB0E63B55318}"
EndProject
Project("{9A19103F-16F7-4668-BE54-9A1E7A4F7556}") = "CloudfrontLogParserBenchmarks", "benchmarks\ParserBenchmarks\CloudfrontLogParserBenchmarks.csproj", "{2968A947-1116-43AC-AA71-247F220B8350}"
EndProject
Project("{9A19103F-16F7-4668-BE54-9A1E7A4F7556}") = "BulkResponseParserBenchmarks", "benchmarks\JsonBenchmarks\BulkResponseParserBenchmarks.csproj", "{D5655994-F5DC-42A0-B82B-206E7BF2FABE}"
EndProject
Project("{2150E333-8FDC-42A3-9474-1A3956D46DE8}") = "1 - ObjectKeyBuilderDemo", "1 - ObjectKeyBuilderDemo", "{4991FEAC-F049-461C-B041-6476E897481A}"
EndProject
Project("{2150E333-8FDC-42A3-9474-1A3956D46DE8}") = "2 - CloudFrontLogParserDemo", "2 - CloudFrontLogParserDemo", "{6D6B0C52-D033-4020-B57F-0715332B7D40}"
EndProject
Project("{2150E333-8FDC-42A3-9474-1A3956D46DE8}") = "3 - BulkResponseParsingDemo", "3 - BulkResponseParsingDemo", "{9FE9349C-FE0B-4388-93A0-3CCDF79A1302}"
EndProject
Project("{9A19103F-16F7-4668-BE54-9A1E7A4F7556}") = "ObjectKeyBuilderDemo", "src\1 - ObjectKeyBuilderDemo\ObjectKeyBuilderDemo.csproj", "{D2165603-2750-4898-8060-5DF2B95B07CD}"
EndProject
Project("{9A19103F-16F7-4668-BE54-9A1E7A4F7556}") = "CloudfrontLogParserDemo", "src\2 - CloudFrontLogParserDemo\CloudfrontLogParserDemo.csproj", "{FA4F0BE5-EE29-4E03-A6C6-6124CCED4554}"
EndProject
Project("{9A19103F-16F7-4668-BE54-9A1E7A4F7556}") = "BulkResponseParsingDemo", "src\3 - BulkResponseParsingDemo\BulkResponseParsingDemo.csproj", "{4154BA50-ED89-4A99-B61D-A0D293752494}"
EndProject
Project("{9A19103F-16F7-4668-BE54-9A1E7A4F7556}") = "ObjectKeyBuilderBenchmarks", "benchmarks\ObjectKeyBuilderBenchmarks\ObjectKeyBuilderBenchmarks.csproj", "{0BF52336-A06E-44ED-8E79-BCE6441D9B2C}"
EndProject
Project("{2150E333-8FDC-42A3-9474-1A3956D46DE8}") = "1 - ObjectKeyBuilder", "1 - ObjectKeyBuilder", "{216D10BF-26ED-4C33-A54D-1AD75B46423A}"
EndProject
Project("{2150E333-8FDC-42A3-9474-1A3956D46DE8}") = "2 - CloudfrontLogParser", "2 - CloudfrontLogParser", "{7AE27885-71C9-4638-8D34-A62DBFCCF921}"
EndProject
Project("{2150E333-8FDC-42A3-9474-1A3956D46DE8}") = "3 - BulkResponseParser", "3 - BulkResponseParser", "{8201EC84-DBF8-42A3-8CD6-85A3390236E9}"
EndProject
Project("{2150E333-8FDC-42A3-9474-1A3956D46DE8}") = "test", "test", "{100BC926-6A67-4C89-B443-1695FC397CCF}"
EndProject
Project("{2150E333-8FDC-42A3-9474-1A3956D46DE8}") = "1 - ObjectKeyBuilderDemo", "1 - ObjectKeyBuilderDemo", "{2F3DCCA4-9513-4D85-9C7F-6F14EB949491}"
EndProject
Project("{9A19103F-16F7-4668-BE54-9A1E7A4F7556}") = "ObjectKeyBuilderDemoTests", "test\ObjectKeyBuilderDemoTests\ObjectKeyBuilderDemoTests.csproj", "{EC5FB4B3-F624-4C56-AFF3-BFA2A981FED3}"
EndProject
Project("{2150E333-8FDC-42A3-9474-1A3956D46DE8}") = "0 - MiscDemos", "0 - MiscDemos", "{FB6C33D9-B595-4B5D-BA50-691B498B9398}"
EndProject
Project("{FAE04EC0-301F-11D3-BF4B-00C04F79EFBC}") = "MiscDemos", "benchmarks\ArrayDemo\MiscDemos.csproj", "{8953F874-914D-424D-ADE5-0964C09F00F9}"
EndProject
Global
	GlobalSection(SolutionConfigurationPlatforms) = preSolution
		Debug|Any CPU = Debug|Any CPU
		Release|Any CPU = Release|Any CPU
	EndGlobalSection
	GlobalSection(ProjectConfigurationPlatforms) = postSolution
		{2968A947-1116-43AC-AA71-247F220B8350}.Debug|Any CPU.ActiveCfg = Debug|Any CPU
		{2968A947-1116-43AC-AA71-247F220B8350}.Debug|Any CPU.Build.0 = Debug|Any CPU
		{2968A947-1116-43AC-AA71-247F220B8350}.Release|Any CPU.ActiveCfg = Release|Any CPU
		{2968A947-1116-43AC-AA71-247F220B8350}.Release|Any CPU.Build.0 = Release|Any CPU
		{D5655994-F5DC-42A0-B82B-206E7BF2FABE}.Debug|Any CPU.ActiveCfg = Debug|Any CPU
		{D5655994-F5DC-42A0-B82B-206E7BF2FABE}.Debug|Any CPU.Build.0 = Debug|Any CPU
		{D5655994-F5DC-42A0-B82B-206E7BF2FABE}.Release|Any CPU.ActiveCfg = Release|Any CPU
		{D5655994-F5DC-42A0-B82B-206E7BF2FABE}.Release|Any CPU.Build.0 = Release|Any CPU
		{D2165603-2750-4898-8060-5DF2B95B07CD}.Debug|Any CPU.ActiveCfg = Debug|Any CPU
		{D2165603-2750-4898-8060-5DF2B95B07CD}.Debug|Any CPU.Build.0 = Debug|Any CPU
		{D2165603-2750-4898-8060-5DF2B95B07CD}.Release|Any CPU.ActiveCfg = Release|Any CPU
		{D2165603-2750-4898-8060-5DF2B95B07CD}.Release|Any CPU.Build.0 = Release|Any CPU
		{FA4F0BE5-EE29-4E03-A6C6-6124CCED4554}.Debug|Any CPU.ActiveCfg = Debug|Any CPU
		{FA4F0BE5-EE29-4E03-A6C6-6124CCED4554}.Debug|Any CPU.Build.0 = Debug|Any CPU
		{FA4F0BE5-EE29-4E03-A6C6-6124CCED4554}.Release|Any CPU.ActiveCfg = Release|Any CPU
		{FA4F0BE5-EE29-4E03-A6C6-6124CCED4554}.Release|Any CPU.Build.0 = Release|Any CPU
		{4154BA50-ED89-4A99-B61D-A0D293752494}.Debug|Any CPU.ActiveCfg = Debug|Any CPU
		{4154BA50-ED89-4A99-B61D-A0D293752494}.Debug|Any CPU.Build.0 = Debug|Any CPU
		{4154BA50-ED89-4A99-B61D-A0D293752494}.Release|Any CPU.ActiveCfg = Release|Any CPU
		{4154BA50-ED89-4A99-B61D-A0D293752494}.Release|Any CPU.Build.0 = Release|Any CPU
		{0BF52336-A06E-44ED-8E79-BCE6441D9B2C}.Debug|Any CPU.ActiveCfg = Debug|Any CPU
		{0BF52336-A06E-44ED-8E79-BCE6441D9B2C}.Debug|Any CPU.Build.0 = Debug|Any CPU
		{0BF52336-A06E-44ED-8E79-BCE6441D9B2C}.Release|Any CPU.ActiveCfg = Release|Any CPU
		{0BF52336-A06E-44ED-8E79-BCE6441D9B2C}.Release|Any CPU.Build.0 = Release|Any CPU
		{EC5FB4B3-F624-4C56-AFF3-BFA2A981FED3}.Debug|Any CPU.ActiveCfg = Debug|Any CPU
		{EC5FB4B3-F624-4C56-AFF3-BFA2A981FED3}.Debug|Any CPU.Build.0 = Debug|Any CPU
		{EC5FB4B3-F624-4C56-AFF3-BFA2A981FED3}.Release|Any CPU.ActiveCfg = Release|Any CPU
		{EC5FB4B3-F624-4C56-AFF3-BFA2A981FED3}.Release|Any CPU.Build.0 = Release|Any CPU
		{8953F874-914D-424D-ADE5-0964C09F00F9}.Debug|Any CPU.ActiveCfg = Debug|Any CPU
		{8953F874-914D-424D-ADE5-0964C09F00F9}.Debug|Any CPU.Build.0 = Debug|Any CPU
		{8953F874-914D-424D-ADE5-0964C09F00F9}.Release|Any CPU.ActiveCfg = Release|Any CPU
		{8953F874-914D-424D-ADE5-0964C09F00F9}.Release|Any CPU.Build.0 = Release|Any CPU
	EndGlobalSection
	GlobalSection(SolutionProperties) = preSolution
		HideSolutionNode = FALSE
	EndGlobalSection
	GlobalSection(NestedProjects) = preSolution
		{2968A947-1116-43AC-AA71-247F220B8350} = {7AE27885-71C9-4638-8D34-A62DBFCCF921}
		{D5655994-F5DC-42A0-B82B-206E7BF2FABE} = {8201EC84-DBF8-42A3-8CD6-85A3390236E9}
		{4991FEAC-F049-461C-B041-6476E897481A} = {849B4DAB-9E64-4322-BFC6-398EED74D035}
		{6D6B0C52-D033-4020-B57F-0715332B7D40} = {849B4DAB-9E64-4322-BFC6-398EED74D035}
		{9FE9349C-FE0B-4388-93A0-3CCDF79A1302} = {849B4DAB-9E64-4322-BFC6-398EED74D035}
		{D2165603-2750-4898-8060-5DF2B95B07CD} = {4991FEAC-F049-461C-B041-6476E897481A}
		{FA4F0BE5-EE29-4E03-A6C6-6124CCED4554} = {6D6B0C52-D033-4020-B57F-0715332B7D40}
		{4154BA50-ED89-4A99-B61D-A0D293752494} = {9FE9349C-FE0B-4388-93A0-3CCDF79A1302}
		{0BF52336-A06E-44ED-8E79-BCE6441D9B2C} = {216D10BF-26ED-4C33-A54D-1AD75B46423A}
		{216D10BF-26ED-4C33-A54D-1AD75B46423A} = {9071DAAD-F900-4643-AC35-EB0E63B55318}
		{7AE27885-71C9-4638-8D34-A62DBFCCF921} = {9071DAAD-F900-4643-AC35-EB0E63B55318}
		{8201EC84-DBF8-42A3-8CD6-85A3390236E9} = {9071DAAD-F900-4643-AC35-EB0E63B55318}
		{2F3DCCA4-9513-4D85-9C7F-6F14EB949491} = {100BC926-6A67-4C89-B443-1695FC397CCF}
		{EC5FB4B3-F624-4C56-AFF3-BFA2A981FED3} = {2F3DCCA4-9513-4D85-9C7F-6F14EB949491}
		{FB6C33D9-B595-4B5D-BA50-691B498B9398} = {9071DAAD-F900-4643-AC35-EB0E63B55318}
		{8953F874-914D-424D-ADE5-0964C09F00F9} = {FB6C33D9-B595-4B5D-BA50-691B498B9398}
	EndGlobalSection
	GlobalSection(ExtensibilityGlobals) = postSolution
		SolutionGuid = {64BFA40E-F70B-4AB4-99CB-4CC66A0E5BBA}
	EndGlobalSection
EndGlobal
